
Microsoft Visual Studio Solution File, Format Version 12.00
# Visual Studio Version 17
VisualStudioVersion = 17.14.37502.11 d17.14
MinimumVisualStudioVersion = 10.0.40219.1
Project("{FAE04EC0-301F-11D3-BF4B-00C04F79EFBC}") = "OOPAssignment02", "OOPAssignment02\OOPAssignment02.csproj", "{C83AFD03-EB6B-4F06-9D89-F2142067723F}"
EndProject
Global
	GlobalSection(SolutionConfigurationPlatforms) = preSolution
		Debug|Any CPU = Debug|Any CPU
		Release|Any CPU = Release|Any CPU
	EndGlobalSection
	GlobalSection(ProjectConfigurationPlatforms) = postSolution
		{C83AFD03-EB6B-4F06-9D89-F2142067723F}.Debug|Any CPU.ActiveCfg = Debug|Any CPU
		{C83AFD03-EB6B-4F06-9D89-F2142067723F}.Debug|Any CPU.Build.0 = Debug|Any CPU
		{C83AFD03-EB6B-4F06-9D89-F2142067723F}.Release|Any CPU.ActiveCfg = Release|Any CPU
		{C83AFD03-EB6B-4F06-9D89-F2142067723F}.Release|Any CPU.Build.0 = Release|Any CPU
	EndGlobalSection
	GlobalSection(SolutionProperties) = preSolution
		HideSolutionNode = FALSE
	EndGlobalSection
	GlobalSection(ExtensibilityGlobals) = postSolution
		SolutionGuid = {DACDD6DA-7627-4698-95E9-B2F1D665FCE4}
	EndGlobalSection
EndGlobal
